
Microsoft Visual Studio Solution File, Format Version 12.00
# Visual Studio Version 16
VisualStudioVersion = 16.0.31729.503
MinimumVisualStudioVersion = 10.0.40219.1
Project("{FAE04EC0-301F-11D3-BF4B-00C04F79EFBC}") = "task_WPF_18", "task_WPF_18\task_WPF_18.csproj", "{0BDF4E1F-3851-49F4-BFE6-195C17ED560B}"
EndProject
Global
	GlobalSection(SolutionConfigurationPlatforms) = preSolution
		Debug|Any CPU = Debug|Any CPU
		Release|Any CPU = Release|Any CPU
	EndGlobalSection
	GlobalSection(ProjectConfigurationPlatforms) = postSolution
		{0BDF4E1F-3851-49F4-BFE6-195C17ED560B}.Debug|Any CPU.ActiveCfg = Debug|Any CPU
		{0BDF4E1F-3851-49F4-BFE6-195C17ED560B}.Debug|Any CPU.Build.0 = Debug|Any CPU
		{0BDF4E1F-3851-49F4-BFE6-195C17ED560B}.Release|Any CPU.ActiveCfg = Release|Any CPU
		{0BDF4E1F-3851-49F4-BFE6-195C17ED560B}.Release|Any CPU.Build.0 = Release|Any CPU
	EndGlobalSection
	GlobalSection(SolutionProperties) = preSolution
		HideSolutionNode = FALSE
	EndGlobalSection
	GlobalSection(ExtensibilityGlobals) = postSolution
		SolutionGuid = {501EF63D-5EFB-4AAF-8AEF-D2A5CC8E70C9}
	EndGlobalSection
EndGlobal
